
Microsoft Visual Studio Solution File, Format Version 12.00
# Visual Studio 2012
Project("{FAE04EC0-301F-11D3-BF4B-00C04F79EFBC}") = "银行接口协议测试", "银行接口协议测试\银行接口协议测试.csproj", "{383F1D5E-E705-4689-ABC9-AE21F741F381}"
EndProject
Project("{FAE04EC0-301F-11D3-BF4B-00C04F79EFBC}") = "FMBANKpufa", "FMBANKpufa\FMBANKpufa.csproj", "{2C435E15-ACD5-4800-BBBB-E1F1F85DAF39}"
EndProject
Global
	GlobalSection(SolutionConfigurationPlatforms) = preSolution
		Debug|Any CPU = Debug|Any CPU
		Release|Any CPU = Release|Any CPU
	EndGlobalSection
	GlobalSection(ProjectConfigurationPlatforms) = postSolution
		{383F1D5E-E705-4689-ABC9-AE21F741F381}.Debug|Any CPU.ActiveCfg = Debug|Any CPU
		{383F1D5E-E705-4689-ABC9-AE21F741F381}.Debug|Any CPU.Build.0 = Debug|Any CPU
		{383F1D5E-E705-4689-ABC9-AE21F741F381}.Release|Any CPU.ActiveCfg = Release|Any CPU
		{383F1D5E-E705-4689-ABC9-AE21F741F381}.Release|Any CPU.Build.0 = Release|Any CPU
		{2C435E15-ACD5-4800-BBBB-E1F1F85DAF39}.Debug|Any CPU.ActiveCfg = Debug|Any CPU
		{2C435E15-ACD5-4800-BBBB-E1F1F85DAF39}.Debug|Any CPU.Build.0 = Debug|Any CPU
		{2C435E15-ACD5-4800-BBBB-E1F1F85DAF39}.Release|Any CPU.ActiveCfg = Release|Any CPU
		{2C435E15-ACD5-4800-BBBB-E1F1F85DAF39}.Release|Any CPU.Build.0 = Release|Any CPU
	EndGlobalSection
	GlobalSection(SolutionProperties) = preSolution
		HideSolutionNode = FALSE
	EndGlobalSection
	GlobalSection(ExtensibilityGlobals) = postSolution
		VisualSVNWorkingCopyRoot = .
	EndGlobalSection
EndGlobal
